{
  "name": "v0-project",
  "lockfileVersion": 3,
  "requires": true,
  "packages": {
    "": {
      "dependencies": {
        "local-ssl-proxy": "^2.0.5",
        "quasar": "^2.20.1",
        "src": "^1.1.2",
        "vue": "^3.5.38",
        "vue-i18n": "^11.4.6"
      }
    },
    "node_modules/@babel/helper-string-parser": {
      "version": "7.29.7",
      "resolved": "https://registry.npmjs.org/@babel/helper-string-parser/-/helper-string-parser-7.29.7.tgz",
      "integrity": "sha512-Pb5ijPrZ89GDH8223L4UP8i6QApWxs04RbPQJTeWDV0/keR2E36MeKnyr6LYmUUvqRRI+Iv87SuF1W6ErINzYw==",
      "license": "MIT",
      "engines": {
        "node": ">=6.9.0"
      }
    },
    "node_modules/@babel/helper-validator-identifier": {
      "version": "7.29.7",
      "resolved": "https://registry.npmjs.org/@babel/helper-validator-identifier/-/helper-validator-identifier-7.29.7.tgz",
      "integrity": "sha512-qehxGkRj55h/ff8EMaJ+cYhyaKlHIxqYDn682wQD7RNp9UujOQsHog2uS0r2vzr4pW+sXf90NeeayjcNaX3fFg==",
      "license": "MIT",
      "engines": {
        "node": ">=6.9.0"
      }
    },
    "node_modules/@babel/parser": {
      "version": "7.29.7",
      "resolved": "https://registry.npmjs.org/@babel/parser/-/parser-7.29.7.tgz",
      "integrity": "sha512-hnORnjP/1P/zFEndoeX+n+t1RwWRJiJpM/jO7FW32Kn9r5+sJB2JWOdYo4L6k78j15eCwY3Gm/7364B1EMwtNg==",
      "license": "MIT",
      "dependencies": {
        "@babel/types": "^7.29.7"
      },
      "bin": {
        "parser": "bin/babel-parser.js"
      },
      "engines": {
        "node": ">=6.0.0"
      }
    },
    "node_modules/@babel/types": {
      "version": "7.29.7",
      "resolved": "https://registry.npmjs.org/@babel/types/-/types-7.29.7.tgz",
      "integrity": "sha512-4zBIxpPzowiZpusoFkyGVwakdRJUyuH5PxQ/PrqghfdFWWasvnCdPfQXHrenDai+gyLARulZjZowCOj6fjT4pA==",
      "license": "MIT",
      "dependencies": {
        "@babel/helper-string-parser": "^7.29.7",
        "@babel/helper-validator-identifier": "^7.29.7"
      },
      "engines": {
        "node": ">=6.9.0"
      }
    },
    "node_modules/@intlify/core-base": {
      "version": "11.4.6",
      "resolved": "https://registry.npmjs.org/@intlify/core-base/-/core-base-11.4.6.tgz",
      "integrity": "sha512-EOeHO95XESK9IFHgHeZXunsM/WBAoCA0DlaWODvx14vKmetAuS97t+l6Xe9hTUqntPpF93vtVSjjUDafw3wXMw==",
      "license": "MIT",
      "dependencies": {
        "@intlify/devtools-types": "11.4.6",
        "@intlify/message-compiler": "11.4.6",
        "@intlify/shared": "11.4.6"
      },
      "engines": {
        "node": ">= 22"
      },
      "funding": {
        "url": "https://github.com/sponsors/kazupon"
      }
    },
    "node_modules/@intlify/devtools-types": {
      "version": "11.4.6",
      "resolved": "https://registry.npmjs.org/@intlify/devtools-types/-/devtools-types-11.4.6.tgz",
      "integrity": "sha512-wowQPpNem56b2d43IJmqbrzG2FeBKe5f/kUGlpNuBmXs6OSqncF8m1+1lxHuW8ISZJF0ma2RkW3iLkw0g0G4VA==",
      "license": "MIT",
      "dependencies": {
        "@intlify/core-base": "11.4.6",
        "@intlify/shared": "11.4.6"
      },
      "engines": {
        "node": ">= 22"
      },
      "funding": {
        "url": "https://github.com/sponsors/kazupon"
      }
    },
    "node_modules/@intlify/message-compiler": {
      "version": "11.4.6",
      "resolved": "https://registry.npmjs.org/@intlify/message-compiler/-/message-compiler-11.4.6.tgz",
      "integrity": "sha512-5nj3jULqeTAC1WovwMs1LQWgatTa2pM/rXN9T3XW8rdOtXW9ZF6/GLSNFTKDQmPLwclhPdgUWLJ/4w3fMeeC/Q==",
      "license": "MIT",
      "dependencies": {
        "@intlify/shared": "11.4.6",
        "source-map-js": "^1.0.2"
      },
      "engines": {
        "node": ">= 22"
      },
      "funding": {
        "url": "https://github.com/sponsors/kazupon"
      }
    },
    "node_modules/@intlify/shared": {
      "version": "11.4.6",
      "resolved": "https://registry.npmjs.org/@intlify/shared/-/shared-11.4.6.tgz",
      "integrity": "sha512-m1p1HHAMLhqSpTRH7VnXdrN0CQ4y+9vunFkpLkbD8soIuBsnQdawZXqMCgvwI2UVF9Ww7sVaw7g9tV2VO7shoA==",
      "license": "MIT",
      "engines": {
        "node": ">= 22"
      },
      "funding": {
        "url": "https://github.com/sponsors/kazupon"
      }
    },
    "node_modules/@jridgewell/sourcemap-codec": {
      "version": "1.5.5",
      "resolved": "https://registry.npmjs.org/@jridgewell/sourcemap-codec/-/sourcemap-codec-1.5.5.tgz",
      "integrity": "sha512-cYQ9310grqxueWbl+WuIUIaiUaDcj7WOq5fVhEljNVgRfOUhY9fy2zTvfoqWsnebh8Sl70VScFbICvJnLKB0Og==",
      "license": "MIT"
    },
    "node_modules/@redis/bloom": {
      "version": "6.0.0",
      "resolved": "https://registry.npmjs.org/@redis/bloom/-/bloom-6.0.0.tgz",
      "integrity": "sha512-P0n5NkV9IIdT6nYXOfMHG83sho8pE7Nay7yw27wOGVLv4DthgvzebpGz6m7VuMTizeJmw3LPw2Xek5wFUhGpVw==",
      "license": "MIT",
      "engines": {
        "node": ">= 20.0.0"
      },
      "peerDependencies": {
        "@redis/client": "^6.0.0"
      }
    },
    "node_modules/@redis/client": {
      "version": "6.0.0",
      "resolved": "https://registry.npmjs.org/@redis/client/-/client-6.0.0.tgz",
      "integrity": "sha512-NS4iIT25r24sAjNQ2nSRdCW5jPJoV0rxkBee27oTeR+RXaOu89cjIsrww5rPBaYVGVdL1QCx9uz9141gZiSKdQ==",
      "license": "MIT",
      "dependencies": {
        "cluster-key-slot": "1.1.2"
      },
      "engines": {
        "node": ">= 20.0.0"
      },
      "peerDependencies": {
        "@node-rs/xxhash": "^1.1.0",
        "@opentelemetry/api": ">=1 <2"
      },
      "peerDependenciesMeta": {
        "@node-rs/xxhash": {
          "optional": true
        },
        "@opentelemetry/api": {
          "optional": true
        }
      }
    },
    "node_modules/@redis/json": {
      "version": "6.0.0",
      "resolved": "https://registry.npmjs.org/@redis/json/-/json-6.0.0.tgz",
      "integrity": "sha512-F+eqFfgPcy57Zs1KW7UtLnBtRk6lxAUIoe7dyZerpm6e+ssYXG/dWJrbrHFYs0b7tt6QBtYpVuukBuM9XqhUAg==",
      "license": "MIT",
      "engines": {
        "node": ">= 20.0.0"
      },
      "peerDependencies": {
        "@redis/client": "^6.0.0"
      }
    },
    "node_modules/@redis/search": {
      "version": "6.0.0",
      "resolved": "https://registry.npmjs.org/@redis/search/-/search-6.0.0.tgz",
      "integrity": "sha512-VHuCJ2W0YWFixGZh/l//8JiyOsD4gN+NhjdRAGIoUe0UQ4mtq1NyY2ZJ973XT+vYhaU21XdK8r8oNrd5n7wbzQ==",
      "license": "MIT",
      "engines": {
        "node": ">= 20.0.0"
      },
      "peerDependencies": {
        "@redis/client": "^6.0.0"
      }
    },
    "node_modules/@redis/time-series": {
      "version": "6.0.0",
      "resolved": "https://registry.npmjs.org/@redis/time-series/-/time-series-6.0.0.tgz",
      "integrity": "sha512-QWhkYsg+3lhBrBf+cbzybtV8LQcSrk7iXIgTaGU+pHNFTkql7TpVRE24ROS6M2ybVIV6O/zxTqfxgxxYiqyw0Q==",
      "license": "MIT",
      "engines": {
        "node": ">= 20.0.0"
      },
      "peerDependencies": {
        "@redis/client": "^6.0.0"
      }
    },
    "node_modules/@vue/compiler-core": {
      "version": "3.5.38",
      "resolved": "https://registry.npmjs.org/@vue/compiler-core/-/compiler-core-3.5.38.tgz",
      "integrity": "sha512-s99aGxWYig9ErHbct27KXEGhrBYlRI6c4MwAgXErOAbX9xiW37/uMa+XUDO69zLz83dng8UUZ70CTOJrLrYrEQ==",
      "license": "MIT",
      "dependencies": {
        "@babel/parser": "^7.29.7",
        "@vue/shared": "3.5.38",
        "entities": "^7.0.1",
        "estree-walker": "^2.0.2",
        "source-map-js": "^1.2.1"
      }
    },
    "node_modules/@vue/compiler-dom": {
      "version": "3.5.38",
      "resolved": "https://registry.npmjs.org/@vue/compiler-dom/-/compiler-dom-3.5.38.tgz",
      "integrity": "sha512-JTqp25l8aFfJYF7/KmsXZjAxJz7T+SjmTJLoXVjHtc2BrSgSiW2n9Aem/cWq1OPe68A8JL06B3eVdhlP0H4TVw==",
      "license": "MIT",
      "dependencies": {
        "@vue/compiler-core": "3.5.38",
        "@vue/shared": "3.5.38"
      }
    },
    "node_modules/@vue/compiler-sfc": {
      "version": "3.5.38",
      "resolved": "https://registry.npmjs.org/@vue/compiler-sfc/-/compiler-sfc-3.5.38.tgz",
      "integrity": "sha512-DuA2GiZawSEW442iw/9+Fkol8hTgb4Ke5KkhmSry65QA7YuyMbIdy8p0XZRMvNwJdgRz307W8g1CSzdvS4nuNg==",
      "license": "MIT",
      "dependencies": {
        "@babel/parser": "^7.29.7",
        "@vue/compiler-core": "3.5.38",
        "@vue/compiler-dom": "3.5.38",
        "@vue/compiler-ssr": "3.5.38",
        "@vue/shared": "3.5.38",
        "estree-walker": "^2.0.2",
        "magic-string": "^0.30.21",
        "postcss": "^8.5.15",
        "source-map-js": "^1.2.1"
      }
    },
    "node_modules/@vue/compiler-ssr": {
      "version": "3.5.38",
      "resolved": "https://registry.npmjs.org/@vue/compiler-ssr/-/compiler-ssr-3.5.38.tgz",
      "integrity": "sha512-7s+W5Gc42FGxZMcuwl8H5B29T8BJPMdBT7KHFE+BbAuZ/iTEdTtv7z2XiMjiaUUw4w3ZcCEdHs36RuYJ2VA7bA==",
      "license": "MIT",
      "dependencies": {
        "@vue/compiler-dom": "3.5.38",
        "@vue/shared": "3.5.38"
      }
    },
    "node_modules/@vue/devtools-api": {
      "version": "6.6.4",
      "resolved": "https://registry.npmjs.org/@vue/devtools-api/-/devtools-api-6.6.4.tgz",
      "integrity": "sha512-sGhTPMuXqZ1rVOk32RylztWkfXTRhuS7vgAKv0zjqk8gbsHkJ7xfFf+jbySxt7tWObEJwyKaHMikV/WGDiQm8g==",
      "license": "MIT"
    },
    "node_modules/@vue/reactivity": {
      "version": "3.5.38",
      "resolved": "https://registry.npmjs.org/@vue/reactivity/-/reactivity-3.5.38.tgz",
      "integrity": "sha512-pG6LV/NDNRbKizcUjFFLAfjaL8mcv4DmR9avNcUw2gDHBzZneuS2TWCmp633ynzxz9YYKNeEPK2I8Wraqy2HUQ==",
      "license": "MIT",
      "dependencies": {
        "@vue/shared": "3.5.38"
      }
    },
    "node_modules/@vue/runtime-core": {
      "version": "3.5.38",
      "resolved": "https://registry.npmjs.org/@vue/runtime-core/-/runtime-core-3.5.38.tgz",
      "integrity": "sha512-iyW8WVfF1CpCXxncZY5Ei6rSd6oZr5DgEom//fUjRBRl56AXPD+s9ATvukRt77ZFTuYlnVA1bxY+dJB94tWVYw==",
      "license": "MIT",
      "dependencies": {
        "@vue/reactivity": "3.5.38",
        "@vue/shared": "3.5.38"
      }
    },
    "node_modules/@vue/runtime-dom": {
      "version": "3.5.38",
      "resolved": "https://registry.npmjs.org/@vue/runtime-dom/-/runtime-dom-3.5.38.tgz",
      "integrity": "sha512-apX2wt9sdfDshS+a2xueFZLVpt0GkRJZSoPmrW/SA4yzXTznhfcMVW59gr7h4YQeY0vJhdJkk2rsIDwgfFgC5A==",
      "license": "MIT",
      "dependencies": {
        "@vue/reactivity": "3.5.38",
        "@vue/runtime-core": "3.5.38",
        "@vue/shared": "3.5.38",
        "csstype": "^3.2.3"
      }
    },
    "node_modules/@vue/server-renderer": {
      "version": "3.5.38",
      "resolved": "https://registry.npmjs.org/@vue/server-renderer/-/server-renderer-3.5.38.tgz",
      "integrity": "sha512-vue8vbf2QlV4quHqzwmJy6dWfmRhP1J8l4wtZg60CL6VoKqcPY2oe7may3+1d9qfpedjK5PRLFqd5k3Isj9mUw==",
      "license": "MIT",
      "dependencies": {
        "@vue/compiler-ssr": "3.5.38",
        "@vue/shared": "3.5.38"
      },
      "peerDependencies": {
        "vue": "3.5.38"
      }
    },
    "node_modules/@vue/shared": {
      "version": "3.5.38",
      "resolved": "https://registry.npmjs.org/@vue/shared/-/shared-3.5.38.tgz",
      "integrity": "sha512-FTW0AFZNaK5/mOqvGBwVfUlNLU38TiQn4+DQgIFUnrBBJQ1crMJ82yeGQLV5jyKFsO8yRukpbuP7x+nRbH6aug==",
      "license": "MIT"
    },
    "node_modules/ansi-colors": {
      "version": "4.1.3",
      "resolved": "https://registry.npmjs.org/ansi-colors/-/ansi-colors-4.1.3.tgz",
      "integrity": "sha512-/6w/C21Pm1A7aZitlI5Ni/2J6FFQN8i1Cvz3kHABAAbw93v/NlvKdVOqz7CCWz/3iv/JplRSEEZ83XION15ovw==",
      "license": "MIT",
      "engines": {
        "node": ">=6"
      }
    },
    "node_modules/cluster-key-slot": {
      "version": "1.1.2",
      "resolved": "https://registry.npmjs.org/cluster-key-slot/-/cluster-key-slot-1.1.2.tgz",
      "integrity": "sha512-RMr0FhtfXemyinomL4hrWcYJxmX6deFdCxpJzhDttxgO1+bcCnkk+9drydLVDmAMG7NE6aN/fl4F7ucU/90gAA==",
      "license": "Apache-2.0",
      "engines": {
        "node": ">=0.10.0"
      }
    },
    "node_modules/commander": {
      "version": "10.0.1",
      "resolved": "https://registry.npmjs.org/commander/-/commander-10.0.1.tgz",
      "integrity": "sha512-y4Mg2tXshplEbSGzx7amzPwKKOCGuoSRP/CjEdwwk0FOGlUbq6lKuoyDZTNZkmxHdJtp54hdfY/JUrdL7Xfdug==",
      "license": "MIT",
      "engines": {
        "node": ">=14"
      }
    },
    "node_modules/csstype": {
      "version": "3.2.3",
      "resolved": "https://registry.npmjs.org/csstype/-/csstype-3.2.3.tgz",
      "integrity": "sha512-z1HGKcYy2xA8AGQfwrn0PAy+PB7X/GSj3UVJW9qKyn43xWa+gl5nXmU4qqLMRzWVLFC8KusUX8T/0kCiOYpAIQ==",
      "license": "MIT"
    },
    "node_modules/entities": {
      "version": "7.0.1",
      "resolved": "https://registry.npmjs.org/entities/-/entities-7.0.1.tgz",
      "integrity": "sha512-TWrgLOFUQTH994YUyl1yT4uyavY5nNB5muff+RtWaqNVCAK408b5ZnnbNAUEWLTCpum9w6arT70i1XdQ4UeOPA==",
      "license": "BSD-2-Clause",
      "engines": {
        "node": ">=0.12"
      },
      "funding": {
        "url": "https://github.com/fb55/entities?sponsor=1"
      }
    },
    "node_modules/estree-walker": {
      "version": "2.0.2",
      "resolved": "https://registry.npmjs.org/estree-walker/-/estree-walker-2.0.2.tgz",
      "integrity": "sha512-Rfkk/Mp/DL7JVje3u18FxFujQlTNR2q6QfMSMB7AvCBx91NGj/ba3kCfza0f6dVDbw7YlRf/nDrn7pQrCCyQ/w==",
      "license": "MIT"
    },
    "node_modules/eventemitter3": {
      "version": "4.0.7",
      "resolved": "https://registry.npmjs.org/eventemitter3/-/eventemitter3-4.0.7.tgz",
      "integrity": "sha512-8guHBZCwKnFhYdHr2ysuRWErTwhoN2X8XELRlrRwpmfeY2jjuUN4taQMsULKUVo1K4DvZl+0pgfyoysHxvmvEw==",
      "license": "MIT"
    },
    "node_modules/follow-redirects": {
      "version": "1.16.0",
      "resolved": "https://registry.npmjs.org/follow-redirects/-/follow-redirects-1.16.0.tgz",
      "integrity": "sha512-y5rN/uOsadFT/JfYwhxRS5R7Qce+g3zG97+JrtFZlC9klX/W5hD7iiLzScI4nZqUS7DNUdhPgw4xI8W2LuXlUw==",
      "funding": [
        {
          "type": "individual",
          "url": "https://github.com/sponsors/RubenVerborgh"
        }
      ],
      "license": "MIT",
      "engines": {
        "node": ">=4.0"
      },
      "peerDependenciesMeta": {
        "debug": {
          "optional": true
        }
      }
    },
    "node_modules/http-proxy": {
      "version": "1.18.1",
      "resolved": "https://registry.npmjs.org/http-proxy/-/http-proxy-1.18.1.tgz",
      "integrity": "sha512-7mz/721AbnJwIVbnaSv1Cz3Am0ZLT/UBwkC92VlxhXv/k/BBQfM2fXElQNC27BVGr0uwUpplYPQM9LnaBMR5NQ==",
      "license": "MIT",
      "dependencies": {
        "eventemitter3": "^4.0.0",
        "follow-redirects": "^1.0.0",
        "requires-port": "^1.0.0"
      },
      "engines": {
        "node": ">=8.0.0"
      }
    },
    "node_modules/local-ssl-proxy": {
      "version": "2.0.5",
      "resolved": "https://registry.npmjs.org/local-ssl-proxy/-/local-ssl-proxy-2.0.5.tgz",
      "integrity": "sha512-/oWxo8IX12HTVNWza+Ui1HNz7TfrNsVyD0+ZSyf5UZocJXdR70wfNb/xHgNfEPFyjgbsaRFdqFdfxg2d11aANQ==",
      "license": "MIT",
      "dependencies": {
        "ansi-colors": "^4.1.3",
        "commander": "^10.0.0",
        "http-proxy": "^1.18.1"
      },
      "bin": {
        "local-ssl-proxy": "build/main.js"
      }
    },
    "node_modules/magic-string": {
      "version": "0.30.21",
      "resolved": "https://registry.npmjs.org/magic-string/-/magic-string-0.30.21.tgz",
      "integrity": "sha512-vd2F4YUyEXKGcLHoq+TEyCjxueSeHnFxyyjNp80yg0XV4vUhnDer/lvvlqM/arB5bXQN5K2/3oinyCRyx8T2CQ==",
      "license": "MIT",
      "dependencies": {
        "@jridgewell/sourcemap-codec": "^1.5.5"
      }
    },
    "node_modules/nanoid": {
      "version": "3.3.15",
      "resolved": "https://registry.npmjs.org/nanoid/-/nanoid-3.3.15.tgz",
      "integrity": "sha512-y7Wygv/7mEOvxTuEQDB8StXdMRBWf1kR/tlhAzBRUFkB2jfcLOAxO/SHmOO2zgz1pVgK29/kyupn059/bCHdjA==",
      "funding": [
        {
          "type": "github",
          "url": "https://github.com/sponsors/ai"
        }
      ],
      "license": "MIT",
      "bin": {
        "nanoid": "bin/nanoid.cjs"
      },
      "engines": {
        "node": "^10 || ^12 || ^13.7 || ^14 || >=15.0.1"
      }
    },
    "node_modules/picocolors": {
      "version": "1.1.1",
      "resolved": "https://registry.npmjs.org/picocolors/-/picocolors-1.1.1.tgz",
      "integrity": "sha512-xceH2snhtb5M9liqDsmEw56le376mTZkEX/jEb/RxNFyegNul7eNslCXP9FDj/Lcu0X8KEyMceP2ntpaHrDEVA==",
      "license": "ISC"
    },
    "node_modules/postcss": {
      "version": "8.5.15",
      "resolved": "https://registry.npmjs.org/postcss/-/postcss-8.5.15.tgz",
      "integrity": "sha512-FfR8sjd4em2T6fb3I2MwAJU7HWVMr9zba+enmQeeWFfCbm+UOC/0X4DS8XtpUTMwWMGbjKYP7xjfNekzyGmB3A==",
      "funding": [
        {
          "type": "opencollective",
          "url": "https://opencollective.com/postcss/"
        },
        {
          "type": "tidelift",
          "url": "https://tidelift.com/funding/github/npm/postcss"
        },
        {
          "type": "github",
          "url": "https://github.com/sponsors/ai"
        }
      ],
      "license": "MIT",
      "dependencies": {
        "nanoid": "^3.3.12",
        "picocolors": "^1.1.1",
        "source-map-js": "^1.2.1"
      },
      "engines": {
        "node": "^10 || ^12 || >=14"
      }
    },
    "node_modules/quasar": {
      "version": "2.20.1",
      "resolved": "https://registry.npmjs.org/quasar/-/quasar-2.20.1.tgz",
      "integrity": "sha512-C+uFyt9/D2B2Dad/c9tGSlyWLMsrz+ROJLm3FKFdY9i+vc1Mk2q/+JyHBmQnuvQCEpUrdiXqcWQbpmZhuvo60A==",
      "license": "MIT",
      "engines": {
        "node": ">= 10.18.1",
        "npm": ">= 6.13.4",
        "yarn": ">= 1.21.1"
      },
      "funding": {
        "type": "github",
        "url": "https://donate.quasar.dev"
      }
    },
    "node_modules/redis": {
      "version": "6.0.0",
      "resolved": "https://registry.npmjs.org/redis/-/redis-6.0.0.tgz",
      "integrity": "sha512-n9Thfc39OXleEoPT2k5gwKsqY+HfCww3YS71ofcr9KKbkn89bpjU9dToIlD+JRdM3/GYQkwMtVgTxLyed+LptQ==",
      "license": "MIT",
      "dependencies": {
        "@redis/bloom": "6.0.0",
        "@redis/client": "6.0.0",
        "@redis/json": "6.0.0",
        "@redis/search": "6.0.0",
        "@redis/time-series": "6.0.0"
      },
      "engines": {
        "node": ">= 20.0.0"
      }
    },
    "node_modules/redis-url": {
      "version": "0.2.0",
      "resolved": "https://registry.npmjs.org/redis-url/-/redis-url-0.2.0.tgz",
      "integrity": "sha512-4HyF3QI0vbmXAMRudLIxnaz/sUGzTEmHBV5swe2keie1ynCrJbCnraDmwrEncI6F0BQz8t2ivYrEZ0Wrq77Yjg==",
      "dependencies": {
        "redis": ">= 0.0.1"
      }
    },
    "node_modules/requires-port": {
      "version": "1.0.0",
      "resolved": "https://registry.npmjs.org/requires-port/-/requires-port-1.0.0.tgz",
      "integrity": "sha512-KigOCHcocU3XODJxsu8i/j8T9tzT4adHiecwORRQ0ZZFcp7ahwXuRU1m+yuO90C5ZUyGeGfocHDI14M3L3yDAQ==",
      "license": "MIT"
    },
    "node_modules/source-map-js": {
      "version": "1.2.1",
      "resolved": "https://registry.npmjs.org/source-map-js/-/source-map-js-1.2.1.tgz",
      "integrity": "sha512-UXWMKhLOwVKb728IUtQPXxfYU+usdybtUrK/8uGE8CQMvrhOpwvzDBwj0QhSL7MQc7vIsISBG8VQ8+IDQxpfQA==",
      "license": "BSD-3-Clause",
      "engines": {
        "node": ">=0.10.0"
      }
    },
    "node_modules/src": {
      "version": "1.1.2",
      "resolved": "https://registry.npmjs.org/src/-/src-1.1.2.tgz",
      "integrity": "sha512-xOKk/hC+DMAWZVEu0zf/1y2vegH1dQD2W2jldxpFCAnavfrK8IPwECKw5ZDcxhd3+kmzaVyPECMAYVy2WDV9YQ==",
      "license": "MIT",
      "dependencies": {
        "redis-url": "~0.2.0",
        "underscore": "~1.6.0",
        "uuid": "~1.4.1"
      }
    },
    "node_modules/underscore": {
      "version": "1.6.0",
      "resolved": "https://registry.npmjs.org/underscore/-/underscore-1.6.0.tgz",
      "integrity": "sha512-z4o1fvKUojIWh9XuaVLUDdf86RQiq13AC1dmHbTpoyuu+bquHms76v16CjycCbec87J7z0k//SiQVk0sMdFmpQ=="
    },
    "node_modules/uuid": {
      "version": "1.4.2",
      "resolved": "https://registry.npmjs.org/uuid/-/uuid-1.4.2.tgz",
      "integrity": "sha512-woV5Ei+GBJyrqMXt0mJ9p8/I+47LYKp/4urH76FNTMjl22EhLPz1tNrQufTsrFf/PYV/7ctSZYAK7fKPWQKg+Q==",
      "deprecated": "uuid@10 and below is no longer supported.  For ESM codebases, update to uuid@latest.  For CommonJS codebases, use uuid@11 (but be aware this version will likely be deprecated in 2028)."
    },
    "node_modules/vue": {
      "version": "3.5.38",
      "resolved": "https://registry.npmjs.org/vue/-/vue-3.5.38.tgz",
      "integrity": "sha512-vAMKHfImQlYSy0C+PBue4s3ERZ2xGKfgZg5GXAsLInq1dyh2H78ILVP5sK0KPFPVW4kv+OGCIvBEondcjpZp7A==",
      "license": "MIT",
      "dependencies": {
        "@vue/compiler-dom": "3.5.38",
        "@vue/compiler-sfc": "3.5.38",
        "@vue/runtime-dom": "3.5.38",
        "@vue/server-renderer": "3.5.38",
        "@vue/shared": "3.5.38"
      },
      "peerDependencies": {
        "typescript": "*"
      },
      "peerDependenciesMeta": {
        "typescript": {
          "optional": true
        }
      }
    },
    "node_modules/vue-i18n": {
      "version": "11.4.6",
      "resolved": "https://registry.npmjs.org/vue-i18n/-/vue-i18n-11.4.6.tgz",
      "integrity": "sha512-l0gE7Rfy0phCa5ChKYkOq543Wgd39BCK6hkktfr1Ed4D99oRkgPK9ffShASZdeC8OJxGfdWmpYoAaAH6iLEuIg==",
      "license": "MIT",
      "dependencies": {
        "@intlify/core-base": "11.4.6",
        "@intlify/devtools-types": "11.4.6",
        "@intlify/shared": "11.4.6",
        "@vue/devtools-api": "^6.5.0"
      },
      "engines": {
        "node": ">= 22"
      },
      "funding": {
        "url": "https://github.com/sponsors/kazupon"
      },
      "peerDependencies": {
        "vue": "^3.0.0"
      }
    }
  }
}
